
Microsoft Visual Studio Solution File, Format Version 12.00
# Visual Studio 15
VisualStudioVersion = 15.0.27004.2006
MinimumVisualStudioVersion = 10.0.40219.1
Project("{9A19103F-16F7-4668-BE54-9A1E7A4F7556}") = "FunctionAppSample", "FunctionAppSample\FunctionAppSample.csproj", "{D98AD580-F55C-47FC-A753-C67456306F89}"
EndProject
Project("{9A19103F-16F7-4668-BE54-9A1E7A4F7556}") = "Line.Messaging", "Line.Messaging\Line.Messaging.csproj", "{05D6B392-9E4F-4F35-B1F9-72F907D9C3D0}"
EndProject
Project("{FAE04EC0-301F-11D3-BF4B-00C04F79EFBC}") = "Line.MessagingTest", "Line.MessagingTest\Line.MessagingTest.csproj", "{7062FAF3-9D96-4384-A486-A1D2BB68BC16}"
EndProject
Project("{FAE04EC0-301F-11D3-BF4B-00C04F79EFBC}") = "ProjectTemplate", "ProjectTemplate\ProjectTemplate.csproj", "{A0F28E60-35B4-486B-91D2-405AA0DDC69E}"
EndProject
Project("{FAE04EC0-301F-11D3-BF4B-00C04F79EFBC}") = "WebAppSample", "WebAppSample\WebAppSample.csproj", "{F0BD615E-05EF-490B-AE54-BFF53FCD0A13}"
EndProject
Project("{FAE04EC0-301F-11D3-BF4B-00C04F79EFBC}") = "WebAppWithBotFrameworkSample", "WebAppWithBotFrameworkSample\WebAppWithBotFrameworkSample.csproj", "{E6AB02A3-0B99-4529-8195-F8AAAD8C0CDB}"
EndProject
Project("{FAE04EC0-301F-11D3-BF4B-00C04F79EFBC}") = "LiffManager", "LiffManager\LiffManager.csproj", "{48EC0A76-C311-4A20-9AC2-14CF655485C8}"
EndProject
Global
	GlobalSection(SolutionConfigurationPlatforms) = preSolution
		Debug|Any CPU = Debug|Any CPU
		Release|Any CPU = Release|Any CPU
	EndGlobalSection
	GlobalSection(ProjectConfigurationPlatforms) = postSolution
		{D98AD580-F55C-47FC-A753-C67456306F89}.Debug|Any CPU.ActiveCfg = Debug|Any CPU
		{D98AD580-F55C-47FC-A753-C67456306F89}.Debug|Any CPU.Build.0 = Debug|Any CPU
		{D98AD580-F55C-47FC-A753-C67456306F89}.Release|Any CPU.ActiveCfg = Release|Any CPU
		{D98AD580-F55C-47FC-A753-C67456306F89}.Release|Any CPU.Build.0 = Release|Any CPU
		{05D6B392-9E4F-4F35-B1F9-72F907D9C3D0}.Debug|Any CPU.ActiveCfg = Debug|Any CPU
		{05D6B392-9E4F-4F35-B1F9-72F907D9C3D0}.Debug|Any CPU.Build.0 = Debug|Any CPU
		{05D6B392-9E4F-4F35-B1F9-72F907D9C3D0}.Release|Any CPU.ActiveCfg = Release|Any CPU
		{05D6B392-9E4F-4F35-B1F9-72F907D9C3D0}.Release|Any CPU.Build.0 = Release|Any CPU
		{7062FAF3-9D96-4384-A486-A1D2BB68BC16}.Debug|Any CPU.ActiveCfg = Debug|Any CPU
		{7062FAF3-9D96-4384-A486-A1D2BB68BC16}.Debug|Any CPU.Build.0 = Debug|Any CPU
		{7062FAF3-9D96-4384-A486-A1D2BB68BC16}.Release|Any CPU.ActiveCfg = Release|Any CPU
		{7062FAF3-9D96-4384-A486-A1D2BB68BC16}.Release|Any CPU.Build.0 = Release|Any CPU
		{A0F28E60-35B4-486B-91D2-405AA0DDC69E}.Debug|Any CPU.ActiveCfg = Debug|Any CPU
		{A0F28E60-35B4-486B-91D2-405AA0DDC69E}.Debug|Any CPU.Build.0 = Debug|Any CPU
		{A0F28E60-35B4-486B-91D2-405AA0DDC69E}.Release|Any CPU.ActiveCfg = Release|Any CPU
		{A0F28E60-35B4-486B-91D2-405AA0DDC69E}.Release|Any CPU.Build.0 = Release|Any CPU
		{F0BD615E-05EF-490B-AE54-BFF53FCD0A13}.Debug|Any CPU.ActiveCfg = Debug|Any CPU
		{F0BD615E-05EF-490B-AE54-BFF53FCD0A13}.Debug|Any CPU.Build.0 = Debug|Any CPU
		{F0BD615E-05EF-490B-AE54-BFF53FCD0A13}.Release|Any CPU.ActiveCfg = Release|Any CPU
		{F0BD615E-05EF-490B-AE54-BFF53FCD0A13}.Release|Any CPU.Build.0 = Release|Any CPU
		{E6AB02A3-0B99-4529-8195-F8AAAD8C0CDB}.Debug|Any CPU.ActiveCfg = Debug|Any CPU
		{E6AB02A3-0B99-4529-8195-F8AAAD8C0CDB}.Debug|Any CPU.Build.0 = Debug|Any CPU
		{E6AB02A3-0B99-4529-8195-F8AAAD8C0CDB}.Release|Any CPU.ActiveCfg = Release|Any CPU
		{E6AB02A3-0B99-4529-8195-F8AAAD8C0CDB}.Release|Any CPU.Build.0 = Release|Any CPU
		{48EC0A76-C311-4A20-9AC2-14CF655485C8}.Debug|Any CPU.ActiveCfg = Debug|Any CPU
		{48EC0A76-C311-4A20-9AC2-14CF655485C8}.Debug|Any CPU.Build.0 = Debug|Any CPU
		{48EC0A76-C311-4A20-9AC2-14CF655485C8}.Release|Any CPU.ActiveCfg = Release|Any CPU
		{48EC0A76-C311-4A20-9AC2-14CF655485C8}.Release|Any CPU.Build.0 = Release|Any CPU
	EndGlobalSection
	GlobalSection(SolutionProperties) = preSolution
		HideSolutionNode = FALSE
	EndGlobalSection
	GlobalSection(ExtensibilityGlobals) = postSolution
		SolutionGuid = {0F8C65CD-F0D0-48C5-9AA4-A1DB2BDF1A26}
	EndGlobalSection
EndGlobal
