
Microsoft Visual Studio Solution File, Format Version 12.00
# Visual Studio 15
VisualStudioVersion = 15.0.26730.8
MinimumVisualStudioVersion = 10.0.40219.1
Project("{9A19103F-16F7-4668-BE54-9A1E7A4F7556}") = "FunctionAppSample", "FunctionAppSample\FunctionAppSample.csproj", "{D98AD580-F55C-47FC-A753-C67456306F89}"
EndProject
Project("{9A19103F-16F7-4668-BE54-9A1E7A4F7556}") = "Line.Messaging", "Line.Messaging\Line.Messaging.csproj", "{05D6B392-9E4F-4F35-B1F9-72F907D9C3D0}"
EndProject
Project("{FAE04EC0-301F-11D3-BF4B-00C04F79EFBC}") = "Line.MessagingTest", "Line.MessagingTest\Line.MessagingTest.csproj", "{7062FAF3-9D96-4384-A486-A1D2BB68BC16}"
EndProject
Global
	GlobalSection(SolutionConfigurationPlatforms) = preSolution
		Debug|Any CPU = Debug|Any CPU
		Release|Any CPU = Release|Any CPU
	EndGlobalSection
	GlobalSection(ProjectConfigurationPlatforms) = postSolution
		{D98AD580-F55C-47FC-A753-C67456306F89}.Debug|Any CPU.ActiveCfg = Debug|Any CPU
		{D98AD580-F55C-47FC-A753-C67456306F89}.Debug|Any CPU.Build.0 = Debug|Any CPU
		{D98AD580-F55C-47FC-A753-C67456306F89}.Release|Any CPU.ActiveCfg = Release|Any CPU
		{D98AD580-F55C-47FC-A753-C67456306F89}.Release|Any CPU.Build.0 = Release|Any CPU
		{05D6B392-9E4F-4F35-B1F9-72F907D9C3D0}.Debug|Any CPU.ActiveCfg = Debug|Any CPU
		{05D6B392-9E4F-4F35-B1F9-72F907D9C3D0}.Debug|Any CPU.Build.0 = Debug|Any CPU
		{05D6B392-9E4F-4F35-B1F9-72F907D9C3D0}.Release|Any CPU.ActiveCfg = Release|Any CPU
		{05D6B392-9E4F-4F35-B1F9-72F907D9C3D0}.Release|Any CPU.Build.0 = Release|Any CPU
		{7062FAF3-9D96-4384-A486-A1D2BB68BC16}.Debug|Any CPU.ActiveCfg = Debug|Any CPU
		{7062FAF3-9D96-4384-A486-A1D2BB68BC16}.Debug|Any CPU.Build.0 = Debug|Any CPU
		{7062FAF3-9D96-4384-A486-A1D2BB68BC16}.Release|Any CPU.ActiveCfg = Release|Any CPU
		{7062FAF3-9D96-4384-A486-A1D2BB68BC16}.Release|Any CPU.Build.0 = Release|Any CPU
	EndGlobalSection
	GlobalSection(SolutionProperties) = preSolution
		HideSolutionNode = FALSE
	EndGlobalSection
	GlobalSection(ExtensibilityGlobals) = postSolution
		SolutionGuid = {0F8C65CD-F0D0-48C5-9AA4-A1DB2BDF1A26}
	EndGlobalSection
EndGlobal
